
Microsoft Visual Studio Solution File, Format Version 12.00
# Visual Studio Version 17
VisualStudioVersion = 17.3.32901.215
MinimumVisualStudioVersion = 10.0.40219.1
Project("{FAE04EC0-301F-11D3-BF4B-00C04F79EFBC}") = "Entities", "Entities\Entities.csproj", "{70FD9CFF-AFA2-4F9C-99C0-0029664F1C3A}"
EndProject
Project("{FAE04EC0-301F-11D3-BF4B-00C04F79EFBC}") = "DataAccess", "DataAccess\DataAccess.csproj", "{4D2FE0F5-1DB4-451B-BDC3-2DBB178C4203}"
EndProject
Project("{FAE04EC0-301F-11D3-BF4B-00C04F79EFBC}") = "Business", "Business\Business.csproj", "{E4B310DB-7B38-4216-8593-3AE4734067B5}"
EndProject
Project("{FAE04EC0-301F-11D3-BF4B-00C04F79EFBC}") = "UI", "UI\UI.csproj", "{60E6A17F-CE83-49E8-B368-30501505C5A9}"
EndProject
Global
	GlobalSection(SolutionConfigurationPlatforms) = preSolution
		Debug|Any CPU = Debug|Any CPU
		Release|Any CPU = Release|Any CPU
	EndGlobalSection
	GlobalSection(ProjectConfigurationPlatforms) = postSolution
		{70FD9CFF-AFA2-4F9C-99C0-0029664F1C3A}.Debug|Any CPU.ActiveCfg = Debug|Any CPU
		{70FD9CFF-AFA2-4F9C-99C0-0029664F1C3A}.Debug|Any CPU.Build.0 = Debug|Any CPU
		{70FD9CFF-AFA2-4F9C-99C0-0029664F1C3A}.Release|Any CPU.ActiveCfg = Release|Any CPU
		{70FD9CFF-AFA2-4F9C-99C0-0029664F1C3A}.Release|Any CPU.Build.0 = Release|Any CPU
		{4D2FE0F5-1DB4-451B-BDC3-2DBB178C4203}.Debug|Any CPU.ActiveCfg = Debug|Any CPU
		{4D2FE0F5-1DB4-451B-BDC3-2DBB178C4203}.Debug|Any CPU.Build.0 = Debug|Any CPU
		{4D2FE0F5-1DB4-451B-BDC3-2DBB178C4203}.Release|Any CPU.ActiveCfg = Release|Any CPU
		{4D2FE0F5-1DB4-451B-BDC3-2DBB178C4203}.Release|Any CPU.Build.0 = Release|Any CPU
		{E4B310DB-7B38-4216-8593-3AE4734067B5}.Debug|Any CPU.ActiveCfg = Debug|Any CPU
		{E4B310DB-7B38-4216-8593-3AE4734067B5}.Debug|Any CPU.Build.0 = Debug|Any CPU
		{E4B310DB-7B38-4216-8593-3AE4734067B5}.Release|Any CPU.ActiveCfg = Release|Any CPU
		{E4B310DB-7B38-4216-8593-3AE4734067B5}.Release|Any CPU.Build.0 = Release|Any CPU
		{60E6A17F-CE83-49E8-B368-30501505C5A9}.Debug|Any CPU.ActiveCfg = Debug|Any CPU
		{60E6A17F-CE83-49E8-B368-30501505C5A9}.Debug|Any CPU.Build.0 = Debug|Any CPU
		{60E6A17F-CE83-49E8-B368-30501505C5A9}.Release|Any CPU.ActiveCfg = Release|Any CPU
		{60E6A17F-CE83-49E8-B368-30501505C5A9}.Release|Any CPU.Build.0 = Release|Any CPU
	EndGlobalSection
	GlobalSection(SolutionProperties) = preSolution
		HideSolutionNode = FALSE
	EndGlobalSection
	GlobalSection(ExtensibilityGlobals) = postSolution
		SolutionGuid = {E62786EF-469F-4078-AA1A-6A76BD102F76}
	EndGlobalSection
EndGlobal
